
Microsoft Visual Studio Solution File, Format Version 12.00
# Visual Studio 15
VisualStudioVersion = 15.0.27130.2027
MinimumVisualStudioVersion = 10.0.40219.1
Project("{FAE04EC0-301F-11D3-BF4B-00C04F79EFBC}") = "Spengergasse.DbModel", "Spengergasse.DbModel\Spengergasse.DbModel.csproj", "{AE4A0B6C-07D7-4ABA-9A02-A6CA4AEB38AF}"
EndProject
Global
	GlobalSection(SolutionConfigurationPlatforms) = preSolution
		Debug|Any CPU = Debug|Any CPU
		Release|Any CPU = Release|Any CPU
	EndGlobalSection
	GlobalSection(ProjectConfigurationPlatforms) = postSolution
		{AE4A0B6C-07D7-4ABA-9A02-A6CA4AEB38AF}.Debug|Any CPU.ActiveCfg = Debug|Any CPU
		{AE4A0B6C-07D7-4ABA-9A02-A6CA4AEB38AF}.Debug|Any CPU.Build.0 = Debug|Any CPU
		{AE4A0B6C-07D7-4ABA-9A02-A6CA4AEB38AF}.Release|Any CPU.ActiveCfg = Release|Any CPU
		{AE4A0B6C-07D7-4ABA-9A02-A6CA4AEB38AF}.Release|Any CPU.Build.0 = Release|Any CPU
	EndGlobalSection
	GlobalSection(SolutionProperties) = preSolution
		HideSolutionNode = FALSE
	EndGlobalSection
	GlobalSection(ExtensibilityGlobals) = postSolution
		SolutionGuid = {C9176CF1-DF8A-4163-A1FA-7E7E788D77E9}
	EndGlobalSection
EndGlobal
