
Microsoft Visual Studio Solution File, Format Version 12.00
# Visual Studio 15
VisualStudioVersion = 15.0.26730.12
MinimumVisualStudioVersion = 10.0.40219.1
Project("{9A19103F-16F7-4668-BE54-9A1E7A4F7556}") = "sem05-lab01-java-conversion", "sem05-lab01-java-conversion.csproj", "{D3252EDB-5A88-4546-903F-144519E463C1}"
EndProject
Global
	GlobalSection(SolutionConfigurationPlatforms) = preSolution
		Debug|Any CPU = Debug|Any CPU
		Release|Any CPU = Release|Any CPU
	EndGlobalSection
	GlobalSection(ProjectConfigurationPlatforms) = postSolution
		{D3252EDB-5A88-4546-903F-144519E463C1}.Debug|Any CPU.ActiveCfg = Debug|Any CPU
		{D3252EDB-5A88-4546-903F-144519E463C1}.Debug|Any CPU.Build.0 = Debug|Any CPU
		{D3252EDB-5A88-4546-903F-144519E463C1}.Release|Any CPU.ActiveCfg = Release|Any CPU
		{D3252EDB-5A88-4546-903F-144519E463C1}.Release|Any CPU.Build.0 = Release|Any CPU
	EndGlobalSection
	GlobalSection(SolutionProperties) = preSolution
		HideSolutionNode = FALSE
	EndGlobalSection
	GlobalSection(ExtensibilityGlobals) = postSolution
		SolutionGuid = {7E52A1C2-9386-4378-909D-B105A0A6640E}
	EndGlobalSection
EndGlobal
