
Microsoft Visual Studio Solution File, Format Version 12.00
# Visual Studio 15
VisualStudioVersion = 15.0.26730.16
MinimumVisualStudioVersion = 10.0.40219.1
Project("{FAE04EC0-301F-11D3-BF4B-00C04F79EFBC}") = "sem05-lab02-collection", "sem05-lab02-collection\sem05-lab02-collection.csproj", "{4E8BE61A-4132-4C6B-95B8-4F4CC3217061}"
EndProject
Global
	GlobalSection(SolutionConfigurationPlatforms) = preSolution
		Debug|Any CPU = Debug|Any CPU
		Release|Any CPU = Release|Any CPU
	EndGlobalSection
	GlobalSection(ProjectConfigurationPlatforms) = postSolution
		{4E8BE61A-4132-4C6B-95B8-4F4CC3217061}.Debug|Any CPU.ActiveCfg = Debug|Any CPU
		{4E8BE61A-4132-4C6B-95B8-4F4CC3217061}.Debug|Any CPU.Build.0 = Debug|Any CPU
		{4E8BE61A-4132-4C6B-95B8-4F4CC3217061}.Release|Any CPU.ActiveCfg = Release|Any CPU
		{4E8BE61A-4132-4C6B-95B8-4F4CC3217061}.Release|Any CPU.Build.0 = Release|Any CPU
	EndGlobalSection
	GlobalSection(SolutionProperties) = preSolution
		HideSolutionNode = FALSE
	EndGlobalSection
	GlobalSection(ExtensibilityGlobals) = postSolution
		SolutionGuid = {C482881A-96AE-4720-9D85-0198310A48B6}
	EndGlobalSection
EndGlobal
