
Microsoft Visual Studio Solution File, Format Version 12.00
# Visual Studio 15
VisualStudioVersion = 15.0.27004.2002
MinimumVisualStudioVersion = 10.0.40219.1
Project("{FAE04EC0-301F-11D3-BF4B-00C04F79EFBC}") = "Spengergasse.WpfApp", "Spengergasse.WpfApp\Spengergasse.WpfApp.csproj", "{7EC01DBD-62B1-4C2C-92AF-927683710161}"
EndProject
Project("{FAE04EC0-301F-11D3-BF4B-00C04F79EFBC}") = "Spengergasse.DbApp", "Spengergasse.DbApp\Spengergasse.DbApp.csproj", "{F71E2EDE-734A-4A7A-8125-E2849E79A4C7}"
EndProject
Global
	GlobalSection(SolutionConfigurationPlatforms) = preSolution
		Debug|Any CPU = Debug|Any CPU
		Release|Any CPU = Release|Any CPU
	EndGlobalSection
	GlobalSection(ProjectConfigurationPlatforms) = postSolution
		{7EC01DBD-62B1-4C2C-92AF-927683710161}.Debug|Any CPU.ActiveCfg = Debug|Any CPU
		{7EC01DBD-62B1-4C2C-92AF-927683710161}.Debug|Any CPU.Build.0 = Debug|Any CPU
		{7EC01DBD-62B1-4C2C-92AF-927683710161}.Release|Any CPU.ActiveCfg = Release|Any CPU
		{7EC01DBD-62B1-4C2C-92AF-927683710161}.Release|Any CPU.Build.0 = Release|Any CPU
		{F71E2EDE-734A-4A7A-8125-E2849E79A4C7}.Debug|Any CPU.ActiveCfg = Debug|Any CPU
		{F71E2EDE-734A-4A7A-8125-E2849E79A4C7}.Debug|Any CPU.Build.0 = Debug|Any CPU
		{F71E2EDE-734A-4A7A-8125-E2849E79A4C7}.Release|Any CPU.ActiveCfg = Release|Any CPU
		{F71E2EDE-734A-4A7A-8125-E2849E79A4C7}.Release|Any CPU.Build.0 = Release|Any CPU
	EndGlobalSection
	GlobalSection(SolutionProperties) = preSolution
		HideSolutionNode = FALSE
	EndGlobalSection
	GlobalSection(ExtensibilityGlobals) = postSolution
		SolutionGuid = {74E059E2-60B2-446D-96F7-331F0F74A8BA}
	EndGlobalSection
EndGlobal
